
Microsoft Visual Studio Solution File, Format Version 12.00
# Visual Studio Version 17
VisualStudioVersion = 17.8.34309.116
MinimumVisualStudioVersion = 10.0.40219.1
Project("{FAE04EC0-301F-11D3-BF4B-00C04F79EFBC}") = "EX_test2", "EX_test2\EX_test2.csproj", "{4869BD06-F51B-454C-B6EA-6489AED826C3}"
EndProject
Global
	GlobalSection(SolutionConfigurationPlatforms) = preSolution
		Debug|Any CPU = Debug|Any CPU
		Release|Any CPU = Release|Any CPU
	EndGlobalSection
	GlobalSection(ProjectConfigurationPlatforms) = postSolution
		{4869BD06-F51B-454C-B6EA-6489AED826C3}.Debug|Any CPU.ActiveCfg = Debug|Any CPU
		{4869BD06-F51B-454C-B6EA-6489AED826C3}.Debug|Any CPU.Build.0 = Debug|Any CPU
		{4869BD06-F51B-454C-B6EA-6489AED826C3}.Release|Any CPU.ActiveCfg = Release|Any CPU
		{4869BD06-F51B-454C-B6EA-6489AED826C3}.Release|Any CPU.Build.0 = Release|Any CPU
	EndGlobalSection
	GlobalSection(SolutionProperties) = preSolution
		HideSolutionNode = FALSE
	EndGlobalSection
	GlobalSection(ExtensibilityGlobals) = postSolution
		SolutionGuid = {B97F81EF-F9E4-4980-8251-229FA006BB57}
	EndGlobalSection
EndGlobal
